// !$*UTF8*$!
{
	archiveVersion = 1;
	classes = {
	};
	objectVersion = 48;
	objects = {

/* Begin PBXBuildFile section */
		480B80552065733000B201BA /* GraphTester.cpp in Sources */ = {isa = PBXBuildFile; fileRef = 480B80532065733000B201BA /* GraphTester.cpp */; };
		481CC7702022555500B3675F /* CrimeData.cpp in Sources */ = {isa = PBXBuildFile; fileRef = 481CC76D2022555400B3675F /* CrimeData.cpp */; };
		4820693E2034D0DA007BE6E4 /* LinkedListTester.cpp in Sources */ = {isa = PBXBuildFile; fileRef = 4820693C2034D0DA007BE6E4 /* LinkedListTester.cpp */; };
		48221810205AE99500FB76C1 /* SortingTester.cpp in Sources */ = {isa = PBXBuildFile; fileRef = 4822180E205AE99500FB76C1 /* SortingTester.cpp */; };
		483FBB9E202243E600679583 /* Runner.cpp in Sources */ = {isa = PBXBuildFile; fileRef = 483FBB9D202243E600679583 /* Runner.cpp */; };
		483FBBA22022443B00679583 /* Controller.cpp in Sources */ = {isa = PBXBuildFile; fileRef = 483FBBA02022443B00679583 /* Controller.cpp */; };
		483FBBA62022470C00679583 /* Timer.cpp in Sources */ = {isa = PBXBuildFile; fileRef = 483FBBA42022470C00679583 /* Timer.cpp */; };
		483FBBA920224E3600679583 /* FileController.cpp in Sources */ = {isa = PBXBuildFile; fileRef = 483FBBA720224E3600679583 /* FileController.cpp */; };
		4888AC06202A33AF00270B2A /* ArrayTester.cpp in Sources */ = {isa = PBXBuildFile; fileRef = 4888AC04202A33AF00270B2A /* ArrayTester.cpp */; };
		489CC245204DC5340069822C /* RecursionTester.cpp in Sources */ = {isa = PBXBuildFile; fileRef = 489CC243204DC5340069822C /* RecursionTester.cpp */; };
		48EDB4E6204494A000FFEA45 /* TestingStacksAndQueues.cpp in Sources */ = {isa = PBXBuildFile; fileRef = 48EDB4E4204494A000FFEA45 /* TestingStacksAndQueues.cpp */; };
/* End PBXBuildFile section */

/* Begin PBXCopyFilesBuildPhase section */
		483FBB912022433D00679583 /* CopyFiles */ = {
			isa = PBXCopyFilesBuildPhase;
			buildActionMask = 2147483647;
			dstPath = /usr/share/man/man1/;
			dstSubfolderSpec = 0;
			files = (
			);
			runOnlyForDeploymentPostprocessing = 1;
		};
/* End PBXCopyFilesBuildPhase section */

/* Begin PBXFileReference section */
		480B80532065733000B201BA /* GraphTester.cpp */ = {isa = PBXFileReference; lastKnownFileType = sourcecode.cpp.cpp; path = GraphTester.cpp; sourceTree = "<group>"; };
		480B80542065733000B201BA /* GraphTester.hpp */ = {isa = PBXFileReference; lastKnownFileType = sourcecode.cpp.h; path = GraphTester.hpp; sourceTree = "<group>"; };
		481CC76D2022555400B3675F /* CrimeData.cpp */ = {isa = PBXFileReference; fileEncoding = 4; lastKnownFileType = sourcecode.cpp.cpp; path = CrimeData.cpp; sourceTree = "<group>"; };
		481CC76E2022555400B3675F /* crime.csv */ = {isa = PBXFileReference; fileEncoding = 4; lastKnownFileType = text; path = crime.csv; sourceTree = "<group>"; };
		481CC76F2022555400B3675F /* CrimeData.hpp */ = {isa = PBXFileReference; fileEncoding = 4; lastKnownFileType = sourcecode.cpp.h; path = CrimeData.hpp; sourceTree = "<group>"; };
		4820693A2034BC7E007BE6E4 /* LinkedList.hpp */ = {isa = PBXFileReference; lastKnownFileType = sourcecode.cpp.h; path = LinkedList.hpp; sourceTree = "<group>"; };
		4820693C2034D0DA007BE6E4 /* LinkedListTester.cpp */ = {isa = PBXFileReference; lastKnownFileType = sourcecode.cpp.cpp; path = LinkedListTester.cpp; sourceTree = "<group>"; };
		4820693D2034D0DA007BE6E4 /* LinkedListTester.hpp */ = {isa = PBXFileReference; lastKnownFileType = sourcecode.cpp.h; path = LinkedListTester.hpp; sourceTree = "<group>"; };
		4822180E205AE99500FB76C1 /* SortingTester.cpp */ = {isa = PBXFileReference; lastKnownFileType = sourcecode.cpp.cpp; path = SortingTester.cpp; sourceTree = "<group>"; };
		4822180F205AE99500FB76C1 /* SortingTester.hpp */ = {isa = PBXFileReference; lastKnownFileType = sourcecode.cpp.h; path = SortingTester.hpp; sourceTree = "<group>"; };
		483FBB932022433D00679583 /* DataStructures */ = {isa = PBXFileReference; explicitFileType = "compiled.mach-o.executable"; includeInIndex = 0; path = DataStructures; sourceTree = BUILT_PRODUCTS_DIR; };
		483FBB9D202243E600679583 /* Runner.cpp */ = {isa = PBXFileReference; lastKnownFileType = sourcecode.cpp.cpp; path = Runner.cpp; sourceTree = "<group>"; };
		483FBBA02022443B00679583 /* Controller.cpp */ = {isa = PBXFileReference; lastKnownFileType = sourcecode.cpp.cpp; path = Controller.cpp; sourceTree = "<group>"; };
		483FBBA12022443B00679583 /* Controller.hpp */ = {isa = PBXFileReference; lastKnownFileType = sourcecode.cpp.h; path = Controller.hpp; sourceTree = "<group>"; };
		483FBBA42022470C00679583 /* Timer.cpp */ = {isa = PBXFileReference; lastKnownFileType = sourcecode.cpp.cpp; path = Timer.cpp; sourceTree = "<group>"; };
		483FBBA52022470C00679583 /* Timer.hpp */ = {isa = PBXFileReference; lastKnownFileType = sourcecode.cpp.h; path = Timer.hpp; sourceTree = "<group>"; };
		483FBBA720224E3600679583 /* FileController.cpp */ = {isa = PBXFileReference; lastKnownFileType = sourcecode.cpp.cpp; path = FileController.cpp; sourceTree = "<group>"; };
		483FBBA820224E3600679583 /* FileController.hpp */ = {isa = PBXFileReference; lastKnownFileType = sourcecode.cpp.h; path = FileController.hpp; sourceTree = "<group>"; };
		485DB9982024EE2F00797815 /* Array.hpp */ = {isa = PBXFileReference; lastKnownFileType = sourcecode.cpp.h; path = Array.hpp; sourceTree = "<group>"; };
		48619F7D206AC07C008813DB /* BinaryTreeNode.hpp */ = {isa = PBXFileReference; lastKnownFileType = sourcecode.cpp.h; path = BinaryTreeNode.hpp; sourceTree = "<group>"; };
		48619F80206AC888008813DB /* Tree.hpp */ = {isa = PBXFileReference; lastKnownFileType = sourcecode.cpp.h; path = Tree.hpp; sourceTree = "<group>"; };
		4888AC04202A33AF00270B2A /* ArrayTester.cpp */ = {isa = PBXFileReference; lastKnownFileType = sourcecode.cpp.cpp; path = ArrayTester.cpp; sourceTree = "<group>"; };
		4888AC05202A33AF00270B2A /* ArrayTester.hpp */ = {isa = PBXFileReference; lastKnownFileType = sourcecode.cpp.h; path = ArrayTester.hpp; sourceTree = "<group>"; };
		4888AC09202A42FE00270B2A /* Node.hpp */ = {isa = PBXFileReference; lastKnownFileType = sourcecode.cpp.h; path = Node.hpp; sourceTree = "<group>"; };
		4888AC0D202A461B00270B2A /* LinearNode.hpp */ = {isa = PBXFileReference; lastKnownFileType = sourcecode.cpp.h; path = LinearNode.hpp; sourceTree = "<group>"; };
		489CC243204DC5340069822C /* RecursionTester.cpp */ = {isa = PBXFileReference; lastKnownFileType = sourcecode.cpp.cpp; path = RecursionTester.cpp; sourceTree = "<group>"; };
		489CC244204DC5340069822C /* RecursionTester.hpp */ = {isa = PBXFileReference; lastKnownFileType = sourcecode.cpp.h; path = RecursionTester.hpp; sourceTree = "<group>"; };
		48A1CF43203F4A7F00506F10 /* Queue.hpp */ = {isa = PBXFileReference; lastKnownFileType = sourcecode.cpp.h; path = Queue.hpp; sourceTree = "<group>"; };
		48A1CF46203F4A9800506F10 /* Stack.hpp */ = {isa = PBXFileReference; lastKnownFileType = sourcecode.cpp.h; path = Stack.hpp; sourceTree = "<group>"; };
		48A1CF49203F4AB600506F10 /* CircularList.hpp */ = {isa = PBXFileReference; lastKnownFileType = sourcecode.cpp.h; path = CircularList.hpp; sourceTree = "<group>"; };
		48B7DF9F202CE1A80029BBCF /* List.hpp */ = {isa = PBXFileReference; lastKnownFileType = sourcecode.cpp.h; path = List.hpp; sourceTree = "<group>"; };
		48C8BAC12060361100E78720 /* Graph.hpp */ = {isa = PBXFileReference; lastKnownFileType = sourcecode.cpp.h; path = Graph.hpp; sourceTree = "<group>"; };
		48EDB4E4204494A000FFEA45 /* TestingStacksAndQueues.cpp */ = {isa = PBXFileReference; lastKnownFileType = sourcecode.cpp.cpp; path = TestingStacksAndQueues.cpp; sourceTree = "<group>"; };
		48EDB4E5204494A000FFEA45 /* TestingStacksAndQueues.hpp */ = {isa = PBXFileReference; lastKnownFileType = sourcecode.cpp.h; path = TestingStacksAndQueues.hpp; sourceTree = "<group>"; };
		48EDB4E82044993A00FFEA45 /* DoubleNode.hpp */ = {isa = PBXFileReference; lastKnownFileType = sourcecode.cpp.h; path = DoubleNode.hpp; sourceTree = "<group>"; };
/* End PBXFileReference section */

/* Begin PBXFrameworksBuildPhase section */
		483FBB902022433D00679583 /* Frameworks */ = {
			isa = PBXFrameworksBuildPhase;
			buildActionMask = 2147483647;
			files = (
			);
			runOnlyForDeploymentPostprocessing = 0;
		};
/* End PBXFrameworksBuildPhase section */

/* Begin PBXGroup section */
		483FBB8A2022433D00679583 = {
			isa = PBXGroup;
			children = (
				483FBB952022433D00679583 /* DataStructures */,
				483FBB942022433D00679583 /* Products */,
			);
			sourceTree = "<group>";
		};
		483FBB942022433D00679583 /* Products */ = {
			isa = PBXGroup;
			children = (
				483FBB932022433D00679583 /* DataStructures */,
			);
			name = Products;
			sourceTree = "<group>";
		};
		483FBB952022433D00679583 /* DataStructures */ = {
			isa = PBXGroup;
			children = (
				4888AC03202A338E00270B2A /* Testers */,
				485DB9952024EDD200797815 /* Model */,
				483FBBAA20224F4B00679583 /* Data */,
				483FBB9D202243E600679583 /* Runner.cpp */,
				483FBB9F2022442600679583 /* Controller */,
			);
			path = DataStructures;
			sourceTree = "<group>";
		};
		483FBB9F2022442600679583 /* Controller */ = {
			isa = PBXGroup;
			children = (
				483FBBA02022443B00679583 /* Controller.cpp */,
				483FBBA12022443B00679583 /* Controller.hpp */,
				483FBBA3202246EA00679583 /* Tools */,
				483FBBA720224E3600679583 /* FileController.cpp */,
				483FBBA820224E3600679583 /* FileController.hpp */,
			);
			path = Controller;
			sourceTree = "<group>";
		};
		483FBBA3202246EA00679583 /* Tools */ = {
			isa = PBXGroup;
			children = (
				483FBBA42022470C00679583 /* Timer.cpp */,
				483FBBA52022470C00679583 /* Timer.hpp */,
			);
			path = Tools;
			sourceTree = "<group>";
		};
		483FBBAA20224F4B00679583 /* Data */ = {
			isa = PBXGroup;
			children = (
				481CC76E2022555400B3675F /* crime.csv */,
				481CC76D2022555400B3675F /* CrimeData.cpp */,
				481CC76F2022555400B3675F /* CrimeData.hpp */,
			);
			path = Data;
			sourceTree = "<group>";
		};
		485DB9952024EDD200797815 /* Model */ = {
			isa = PBXGroup;
			children = (
				4888AC07202A42D700270B2A /* Nodes */,
				485DB9962024EDEF00797815 /* Structures */,
			);
			path = Model;
			sourceTree = "<group>";
		};
		485DB9962024EDEF00797815 /* Structures */ = {
			isa = PBXGroup;
			children = (
				48C8BABF206035E200E78720 /* NonLinear */,
				48A1CF40203F48BA00506F10 /* Linear */,
			);
			path = Structures;
			sourceTree = "<group>";
		};
		4888AC03202A338E00270B2A /* Testers */ = {
			isa = PBXGroup;
			children = (
				4888AC04202A33AF00270B2A /* ArrayTester.cpp */,
				4888AC05202A33AF00270B2A /* ArrayTester.hpp */,
				4820693C2034D0DA007BE6E4 /* LinkedListTester.cpp */,
				4820693D2034D0DA007BE6E4 /* LinkedListTester.hpp */,
				48EDB4E4204494A000FFEA45 /* TestingStacksAndQueues.cpp */,
				48EDB4E5204494A000FFEA45 /* TestingStacksAndQueues.hpp */,
				489CC243204DC5340069822C /* RecursionTester.cpp */,
				489CC244204DC5340069822C /* RecursionTester.hpp */,
				4822180E205AE99500FB76C1 /* SortingTester.cpp */,
				4822180F205AE99500FB76C1 /* SortingTester.hpp */,
				480B80532065733000B201BA /* GraphTester.cpp */,
				480B80542065733000B201BA /* GraphTester.hpp */,
			);
			path = Testers;
			sourceTree = "<group>";
		};
		4888AC07202A42D700270B2A /* Nodes */ = {
			isa = PBXGroup;
			children = (
				4888AC0D202A461B00270B2A /* LinearNode.hpp */,
				4888AC09202A42FE00270B2A /* Node.hpp */,
				48EDB4E82044993A00FFEA45 /* DoubleNode.hpp */,
				48619F7D206AC07C008813DB /* BinaryTreeNode.hpp */,
			);
			path = Nodes;
			sourceTree = "<group>";
		};
		48A1CF40203F48BA00506F10 /* Linear */ = {
			isa = PBXGroup;
			children = (
				485DB9982024EE2F00797815 /* Array.hpp */,
				48B7DF9F202CE1A80029BBCF /* List.hpp */,
				4820693A2034BC7E007BE6E4 /* LinkedList.hpp */,
				48A1CF43203F4A7F00506F10 /* Queue.hpp */,
				48A1CF46203F4A9800506F10 /* Stack.hpp */,
				48A1CF49203F4AB600506F10 /* CircularList.hpp */,
			);
			path = Linear;
			sourceTree = "<group>";
		};
		48C8BABF206035E200E78720 /* NonLinear */ = {
			isa = PBXGroup;
			children = (
				48619F80206AC888008813DB /* Tree.hpp */,
				48C8BAC12060361100E78720 /* Graph.hpp */,
			);
			path = NonLinear;
			sourceTree = "<group>";
		};
/* End PBXGroup section */

/* Begin PBXNativeTarget section */
		483FBB922022433D00679583 /* DataStructures */ = {
			isa = PBXNativeTarget;
			buildConfigurationList = 483FBB9A2022433D00679583 /* Build configuration list for PBXNativeTarget "DataStructures" */;
			buildPhases = (
				483FBB8F2022433D00679583 /* Sources */,
				483FBB902022433D00679583 /* Frameworks */,
				483FBB912022433D00679583 /* CopyFiles */,
			);
			buildRules = (
			);
			dependencies = (
			);
			name = DataStructures;
			productName = DataStructures;
			productReference = 483FBB932022433D00679583 /* DataStructures */;
			productType = "com.apple.product-type.tool";
		};
/* End PBXNativeTarget section */

/* Begin PBXProject section */
		483FBB8B2022433D00679583 /* Project object */ = {
			isa = PBXProject;
			attributes = {
				LastUpgradeCheck = 0900;
				ORGANIZATIONNAME = "Stout, Zachary";
				TargetAttributes = {
					483FBB922022433D00679583 = {
						CreatedOnToolsVersion = 9.0;
						ProvisioningStyle = Automatic;
					};
				};
			};
			buildConfigurationList = 483FBB8E2022433D00679583 /* Build configuration list for PBXProject "DataStructures" */;
			compatibilityVersion = "Xcode 8.0";
			developmentRegion = en;
			hasScannedForEncodings = 0;
			knownRegions = (
				en,
			);
			mainGroup = 483FBB8A2022433D00679583;
			productRefGroup = 483FBB942022433D00679583 /* Products */;
			projectDirPath = "";
			projectRoot = "";
			targets = (
				483FBB922022433D00679583 /* DataStructures */,
			);
		};
/* End PBXProject section */

/* Begin PBXSourcesBuildPhase section */
		483FBB8F2022433D00679583 /* Sources */ = {
			isa = PBXSourcesBuildPhase;
			buildActionMask = 2147483647;
			files = (
				489CC245204DC5340069822C /* RecursionTester.cpp in Sources */,
				483FBBA62022470C00679583 /* Timer.cpp in Sources */,
				481CC7702022555500B3675F /* CrimeData.cpp in Sources */,
				483FBB9E202243E600679583 /* Runner.cpp in Sources */,
				480B80552065733000B201BA /* GraphTester.cpp in Sources */,
				483FBBA22022443B00679583 /* Controller.cpp in Sources */,
				48221810205AE99500FB76C1 /* SortingTester.cpp in Sources */,
				4820693E2034D0DA007BE6E4 /* LinkedListTester.cpp in Sources */,
				48EDB4E6204494A000FFEA45 /* TestingStacksAndQueues.cpp in Sources */,
				4888AC06202A33AF00270B2A /* ArrayTester.cpp in Sources */,
				483FBBA920224E3600679583 /* FileController.cpp in Sources */,
			);
			runOnlyForDeploymentPostprocessing = 0;
		};
/* End PBXSourcesBuildPhase section */

/* Begin XCBuildConfiguration section */
		483FBB982022433D00679583 /* Debug */ = {
			isa = XCBuildConfiguration;
			buildSettings = {
				ALWAYS_SEARCH_USER_PATHS = NO;
				CLANG_ANALYZER_NONNULL = YES;
				CLANG_ANALYZER_NUMBER_OBJECT_CONVERSION = YES_AGGRESSIVE;
				CLANG_CXX_LANGUAGE_STANDARD = "gnu++14";
				CLANG_CXX_LIBRARY = "libc++";
				CLANG_ENABLE_MODULES = YES;
				CLANG_ENABLE_OBJC_ARC = YES;
				CLANG_WARN_BLOCK_CAPTURE_AUTORELEASING = YES;
				CLANG_WARN_BOOL_CONVERSION = YES;
				CLANG_WARN_COMMA = YES;
				CLANG_WARN_CONSTANT_CONVERSION = YES;
				CLANG_WARN_DIRECT_OBJC_ISA_USAGE = YES_ERROR;
				CLANG_WARN_DOCUMENTATION_COMMENTS = YES;
				CLANG_WARN_EMPTY_BODY = YES;
				CLANG_WARN_ENUM_CONVERSION = YES;
				CLANG_WARN_INFINITE_RECURSION = YES;
				CLANG_WARN_INT_CONVERSION = YES;
				CLANG_WARN_NON_LITERAL_NULL_CONVERSION = YES;
				CLANG_WARN_OBJC_LITERAL_CONVERSION = YES;
				CLANG_WARN_OBJC_ROOT_CLASS = YES_ERROR;
				CLANG_WARN_RANGE_LOOP_ANALYSIS = YES;
				CLANG_WARN_STRICT_PROTOTYPES = YES;
				CLANG_WARN_SUSPICIOUS_MOVE = YES;
				CLANG_WARN_UNGUARDED_AVAILABILITY = YES_AGGRESSIVE;
				CLANG_WARN_UNREACHABLE_CODE = YES;
				CLANG_WARN__DUPLICATE_METHOD_MATCH = YES;
				CODE_SIGN_IDENTITY = "-";
				COPY_PHASE_STRIP = NO;
				DEBUG_INFORMATION_FORMAT = dwarf;
				ENABLE_STRICT_OBJC_MSGSEND = YES;
				ENABLE_TESTABILITY = YES;
				GCC_C_LANGUAGE_STANDARD = gnu11;
				GCC_DYNAMIC_NO_PIC = NO;
				GCC_NO_COMMON_BLOCKS = YES;
				GCC_OPTIMIZATION_LEVEL = 0;
				GCC_PREPROCESSOR_DEFINITIONS = (
					"DEBUG=1",
					"$(inherited)",
				);
				GCC_WARN_64_TO_32_BIT_CONVERSION = YES;
				GCC_WARN_ABOUT_RETURN_TYPE = YES_ERROR;
				GCC_WARN_UNDECLARED_SELECTOR = YES;
				GCC_WARN_UNINITIALIZED_AUTOS = YES_AGGRESSIVE;
				GCC_WARN_UNUSED_FUNCTION = YES;
				GCC_WARN_UNUSED_VARIABLE = YES;
				MACOSX_DEPLOYMENT_TARGET = 10.13;
				MTL_ENABLE_DEBUG_INFO = YES;
				ONLY_ACTIVE_ARCH = YES;
				SDKROOT = macosx;
			};
			name = Debug;
		};
		483FBB992022433D00679583 /* Release */ = {
			isa = XCBuildConfiguration;
			buildSettings = {
				ALWAYS_SEARCH_USER_PATHS = NO;
				CLANG_ANALYZER_NONNULL = YES;
				CLANG_ANALYZER_NUMBER_OBJECT_CONVERSION = YES_AGGRESSIVE;
				CLANG_CXX_LANGUAGE_STANDARD = "gnu++14";
				CLANG_CXX_LIBRARY = "libc++";
				CLANG_ENABLE_MODULES = YES;
				CLANG_ENABLE_OBJC_ARC = YES;
				CLANG_WARN_BLOCK_CAPTURE_AUTORELEASING = YES;
				CLANG_WARN_BOOL_CONVERSION = YES;
				CLANG_WARN_COMMA = YES;
				CLANG_WARN_CONSTANT_CONVERSION = YES;
				CLANG_WARN_DIRECT_OBJC_ISA_USAGE = YES_ERROR;
				CLANG_WARN_DOCUMENTATION_COMMENTS = YES;
				CLANG_WARN_EMPTY_BODY = YES;
				CLANG_WARN_ENUM_CONVERSION = YES;
				CLANG_WARN_INFINITE_RECURSION = YES;
				CLANG_WARN_INT_CONVERSION = YES;
				CLANG_WARN_NON_LITERAL_NULL_CONVERSION = YES;
				CLANG_WARN_OBJC_LITERAL_CONVERSION = YES;
				CLANG_WARN_OBJC_ROOT_CLASS = YES_ERROR;
				CLANG_WARN_RANGE_LOOP_ANALYSIS = YES;
				CLANG_WARN_STRICT_PROTOTYPES = YES;
				CLANG_WARN_SUSPICIOUS_MOVE = YES;
				CLANG_WARN_UNGUARDED_AVAILABILITY = YES_AGGRESSIVE;
				CLANG_WARN_UNREACHABLE_CODE = YES;
				CLANG_WARN__DUPLICATE_METHOD_MATCH = YES;
				CODE_SIGN_IDENTITY = "-";
				COPY_PHASE_STRIP = NO;
				DEBUG_INFORMATION_FORMAT = "dwarf-with-dsym";
				ENABLE_NS_ASSERTIONS = NO;
				ENABLE_STRICT_OBJC_MSGSEND = YES;
				GCC_C_LANGUAGE_STANDARD = gnu11;
				GCC_NO_COMMON_BLOCKS = YES;
				GCC_WARN_64_TO_32_BIT_CONVERSION = YES;
				GCC_WARN_ABOUT_RETURN_TYPE = YES_ERROR;
				GCC_WARN_UNDECLARED_SELECTOR = YES;
				GCC_WARN_UNINITIALIZED_AUTOS = YES_AGGRESSIVE;
				GCC_WARN_UNUSED_FUNCTION = YES;
				GCC_WARN_UNUSED_VARIABLE = YES;
				MACOSX_DEPLOYMENT_TARGET = 10.13;
				MTL_ENABLE_DEBUG_INFO = NO;
				SDKROOT = macosx;
			};
			name = Release;
		};
		483FBB9B2022433D00679583 /* Debug */ = {
			isa = XCBuildConfiguration;
			buildSettings = {
				CODE_SIGN_STYLE = Automatic;
				PRODUCT_NAME = "$(TARGET_NAME)";
			};
			name = Debug;
		};
		483FBB9C2022433D00679583 /* Release */ = {
			isa = XCBuildConfiguration;
			buildSettings = {
				CODE_SIGN_STYLE = Automatic;
				PRODUCT_NAME = "$(TARGET_NAME)";
			};
			name = Release;
		};
/* End XCBuildConfiguration section */

/* Begin XCConfigurationList section */
		483FBB8E2022433D00679583 /* Build configuration list for PBXProject "DataStructures" */ = {
			isa = XCConfigurationList;
			buildConfigurations = (
				483FBB982022433D00679583 /* Debug */,
				483FBB992022433D00679583 /* Release */,
			);
			defaultConfigurationIsVisible = 0;
			defaultConfigurationName = Release;
		};
		483FBB9A2022433D00679583 /* Build configuration list for PBXNativeTarget "DataStructures" */ = {
			isa = XCConfigurationList;
			buildConfigurations = (
				483FBB9B2022433D00679583 /* Debug */,
				483FBB9C2022433D00679583 /* Release */,
			);
			defaultConfigurationIsVisible = 0;
			defaultConfigurationName = Release;
		};
/* End XCConfigurationList section */
	};
	rootObject = 483FBB8B2022433D00679583 /* Project object */;
}
